
Microsoft Visual Studio Solution File, Format Version 12.00
# Visual Studio Version 17
VisualStudioVersion = 17.14.36511.14 d17.14
MinimumVisualStudioVersion = 10.0.40219.1
Project("{FAE04EC0-301F-11D3-BF4B-00C04F79EFBC}") = "Hotel-room-management", "Hotel-room-management.csproj", "{19254CD7-FC91-4D28-B59A-F688AC5B143F}"
EndProject
Project("{2150E333-8FDC-42A3-9474-1A3956D46DE8}") = "Management", "Management", "{02EA681E-C7D8-13C7-8484-4AC65E1B71E8}"
EndProject
Global
	GlobalSection(SolutionConfigurationPlatforms) = preSolution
		Debug|Any CPU = Debug|Any CPU
		Release|Any CPU = Release|Any CPU
	EndGlobalSection
	GlobalSection(ProjectConfigurationPlatforms) = postSolution
		{19254CD7-FC91-4D28-B59A-F688AC5B143F}.Debug|Any CPU.ActiveCfg = Debug|Any CPU
		{19254CD7-FC91-4D28-B59A-F688AC5B143F}.Debug|Any CPU.Build.0 = Debug|Any CPU
		{19254CD7-FC91-4D28-B59A-F688AC5B143F}.Release|Any CPU.ActiveCfg = Release|Any CPU
		{19254CD7-FC91-4D28-B59A-F688AC5B143F}.Release|Any CPU.Build.0 = Release|Any CPU
	EndGlobalSection
	GlobalSection(SolutionProperties) = preSolution
		HideSolutionNode = FALSE
	EndGlobalSection
	GlobalSection(ExtensibilityGlobals) = postSolution
		SolutionGuid = {97088D9B-E770-43C6-88F4-8AD04A4C713F}
	EndGlobalSection
EndGlobal
